
Microsoft Visual Studio Solution File, Format Version 12.00
# Visual Studio Version 17
VisualStudioVersion = 17.5.33530.505
MinimumVisualStudioVersion = 10.0.40219.1
Project("{8BC9CEB8-8B4A-11D0-8D11-00A0C91BC942}") = "Distance", "Distance.vcxproj", "{0DEC3C78-6011-492A-95F5-0542486268DD}"
EndProject
Global
	GlobalSection(SolutionConfigurationPlatforms) = preSolution
		Debug|x64 = Debug|x64
		Debug|x86 = Debug|x86
		Release|x64 = Release|x64
		Release|x86 = Release|x86
	EndGlobalSection
	GlobalSection(ProjectConfigurationPlatforms) = postSolution
		{0DEC3C78-6011-492A-95F5-0542486268DD}.Debug|x64.ActiveCfg = Debug|x64
		{0DEC3C78-6011-492A-95F5-0542486268DD}.Debug|x64.Build.0 = Debug|x64
		{0DEC3C78-6011-492A-95F5-0542486268DD}.Debug|x86.ActiveCfg = Debug|Win32
		{0DEC3C78-6011-492A-95F5-0542486268DD}.Debug|x86.Build.0 = Debug|Win32
		{0DEC3C78-6011-492A-95F5-0542486268DD}.Release|x64.ActiveCfg = Release|x64
		{0DEC3C78-6011-492A-95F5-0542486268DD}.Release|x64.Build.0 = Release|x64
		{0DEC3C78-6011-492A-95F5-0542486268DD}.Release|x86.ActiveCfg = Release|Win32
		{0DEC3C78-6011-492A-95F5-0542486268DD}.Release|x86.Build.0 = Release|Win32
	EndGlobalSection
	GlobalSection(SolutionProperties) = preSolution
		HideSolutionNode = FALSE
	EndGlobalSection
	GlobalSection(ExtensibilityGlobals) = postSolution
		SolutionGuid = {08C5F357-04D0-44A5-AA03-54D2F54A5D45}
	EndGlobalSection
EndGlobal
